
Microsoft Visual Studio Solution File, Format Version 12.00
# Visual Studio Version 16
VisualStudioVersion = 16.0.31025.194
MinimumVisualStudioVersion = 10.0.40219.1
Project("{FAE04EC0-301F-11D3-BF4B-00C04F79EFBC}") = "Planzy", "Planzy\Planzy.csproj", "{8557CE68-2061-447B-A15D-59C0DB54D214}"
EndProject
Global
	GlobalSection(SolutionConfigurationPlatforms) = preSolution
		Debug|Any CPU = Debug|Any CPU
		Release|Any CPU = Release|Any CPU
	EndGlobalSection
	GlobalSection(ProjectConfigurationPlatforms) = postSolution
		{8557CE68-2061-447B-A15D-59C0DB54D214}.Debug|Any CPU.ActiveCfg = Debug|Any CPU
		{8557CE68-2061-447B-A15D-59C0DB54D214}.Debug|Any CPU.Build.0 = Debug|Any CPU
		{8557CE68-2061-447B-A15D-59C0DB54D214}.Release|Any CPU.ActiveCfg = Release|Any CPU
		{8557CE68-2061-447B-A15D-59C0DB54D214}.Release|Any CPU.Build.0 = Release|Any CPU
	EndGlobalSection
	GlobalSection(SolutionProperties) = preSolution
		HideSolutionNode = FALSE
	EndGlobalSection
	GlobalSection(ExtensibilityGlobals) = postSolution
		SolutionGuid = {3D6DC375-940F-433A-83A0-CCBEC8B62B5E}
	EndGlobalSection
EndGlobal
